
Microsoft Visual Studio Solution File, Format Version 12.00
# Visual Studio Version 16
VisualStudioVersion = 16.0.31025.194
MinimumVisualStudioVersion = 10.0.40219.1
Project("{FAE04EC0-301F-11D3-BF4B-00C04F79EFBC}") = "EmployeePayrollService", "EmployeePayrollService\EmployeePayrollService.csproj", "{263AB352-3F03-4347-B57F-DA6D983F5397}"
EndProject
Global
	GlobalSection(SolutionConfigurationPlatforms) = preSolution
		Debug|Any CPU = Debug|Any CPU
		Release|Any CPU = Release|Any CPU
	EndGlobalSection
	GlobalSection(ProjectConfigurationPlatforms) = postSolution
		{263AB352-3F03-4347-B57F-DA6D983F5397}.Debug|Any CPU.ActiveCfg = Debug|Any CPU
		{263AB352-3F03-4347-B57F-DA6D983F5397}.Debug|Any CPU.Build.0 = Debug|Any CPU
		{263AB352-3F03-4347-B57F-DA6D983F5397}.Release|Any CPU.ActiveCfg = Release|Any CPU
		{263AB352-3F03-4347-B57F-DA6D983F5397}.Release|Any CPU.Build.0 = Release|Any CPU
	EndGlobalSection
	GlobalSection(SolutionProperties) = preSolution
		HideSolutionNode = FALSE
	EndGlobalSection
	GlobalSection(ExtensibilityGlobals) = postSolution
		SolutionGuid = {873E2E94-7459-45A0-A332-0808027C0668}
	EndGlobalSection
EndGlobal
